
Microsoft Visual Studio Solution File, Format Version 12.00
# Visual Studio 15
VisualStudioVersion = 15.0.27130.2010
MinimumVisualStudioVersion = 10.0.40219.1
Project("{E24C65DC-7377-472B-9ABA-BC803B73C61A}") = "CreditCardWS", "CreditCardWS\", "{EADCAD8B-1A9B-4426-8604-F72B4694A0CA}"
	ProjectSection(WebsiteProperties) = preProject
		TargetFrameworkMoniker = ".NETFramework,Version%3Dv4.6.1"
		Debug.AspNetCompiler.VirtualPath = "/localhost_49768"
		Debug.AspNetCompiler.PhysicalPath = "CreditCardWS\"
		Debug.AspNetCompiler.TargetPath = "PrecompiledWeb\localhost_49768\"
		Debug.AspNetCompiler.Updateable = "true"
		Debug.AspNetCompiler.ForceOverwrite = "true"
		Debug.AspNetCompiler.FixedNames = "false"
		Debug.AspNetCompiler.Debug = "True"
		Release.AspNetCompiler.VirtualPath = "/localhost_49768"
		Release.AspNetCompiler.PhysicalPath = "CreditCardWS\"
		Release.AspNetCompiler.TargetPath = "PrecompiledWeb\localhost_49768\"
		Release.AspNetCompiler.Updateable = "true"
		Release.AspNetCompiler.ForceOverwrite = "true"
		Release.AspNetCompiler.FixedNames = "false"
		Release.AspNetCompiler.Debug = "False"
		VWDPort = "49768"
		SlnRelativePath = "CreditCardWS\"
		DefaultWebSiteLanguage = "Visual C#"
	EndProjectSection
EndProject
Global
	GlobalSection(SolutionConfigurationPlatforms) = preSolution
		Debug|Any CPU = Debug|Any CPU
	EndGlobalSection
	GlobalSection(ProjectConfigurationPlatforms) = postSolution
		{EADCAD8B-1A9B-4426-8604-F72B4694A0CA}.Debug|Any CPU.ActiveCfg = Debug|Any CPU
		{EADCAD8B-1A9B-4426-8604-F72B4694A0CA}.Debug|Any CPU.Build.0 = Debug|Any CPU
	EndGlobalSection
	GlobalSection(SolutionProperties) = preSolution
		HideSolutionNode = FALSE
	EndGlobalSection
	GlobalSection(ExtensibilityGlobals) = postSolution
		SolutionGuid = {10654670-AB70-42E8-B430-49B3C58809D6}
	EndGlobalSection
EndGlobal
